// !$*UTF8*$!
{
	archiveVersion = 1;
	classes = {
	};
	objectVersion = 55;
	objects = {

/* Begin PBXBuildFile section */
		885952A82823E682004CC870 /* TaskodoroTests.swift in Sources */ = {isa = PBXBuildFile; fileRef = 885952A72823E682004CC870 /* TaskodoroTests.swift */; };
		88CC304927B3D5B300D08D2C /* TaskodoroApp.swift in Sources */ = {isa = PBXBuildFile; fileRef = 88CC304827B3D5B300D08D2C /* TaskodoroApp.swift */; };
		88CC304B27B3D5B300D08D2C /* TasksScreen.swift in Sources */ = {isa = PBXBuildFile; fileRef = 88CC304A27B3D5B300D08D2C /* TasksScreen.swift */; };
		88CC304D27B3D5B600D08D2C /* Assets.xcassets in Resources */ = {isa = PBXBuildFile; fileRef = 88CC304C27B3D5B600D08D2C /* Assets.xcassets */; };
		B11352E5282C57ED00EA0D9D /* CombineHelpers.swift in Sources */ = {isa = PBXBuildFile; fileRef = B11352E4282C57ED00EA0D9D /* CombineHelpers.swift */; };
		B11352E8282C58D400EA0D9D /* TasksUIComposer.swift in Sources */ = {isa = PBXBuildFile; fileRef = B11352E7282C58D400EA0D9D /* TasksUIComposer.swift */; };
		B11352EB282C5CA900EA0D9D /* TasksContent.swift in Sources */ = {isa = PBXBuildFile; fileRef = B11352EA282C5CA900EA0D9D /* TasksContent.swift */; };
		B19A1D49282DB2D00015B7D8 /* DispatcherProvider.swift in Sources */ = {isa = PBXBuildFile; fileRef = B19A1D48282DB2D00015B7D8 /* DispatcherProvider.swift */; };
		B19A1D4B282DB4130015B7D8 /* DefaultDispatcherProvider.swift in Sources */ = {isa = PBXBuildFile; fileRef = B19A1D4A282DB4130015B7D8 /* DefaultDispatcherProvider.swift */; };
		B19DA0D628232A4E002C433A /* TasksViewModel.swift in Sources */ = {isa = PBXBuildFile; fileRef = B19DA0D528232A4E002C433A /* TasksViewModel.swift */; };
/* End PBXBuildFile section */

/* Begin PBXContainerItemProxy section */
		885952A92823E682004CC870 /* PBXContainerItemProxy */ = {
			isa = PBXContainerItemProxy;
			containerPortal = 88CC303D27B3D5B300D08D2C /* Project object */;
			proxyType = 1;
			remoteGlobalIDString = 88CC304427B3D5B300D08D2C;
			remoteInfo = Taskodoro;
		};
/* End PBXContainerItemProxy section */

/* Begin PBXFileReference section */
		885952A52823E682004CC870 /* TaskodoroTests.xctest */ = {isa = PBXFileReference; explicitFileType = wrapper.cfbundle; includeInIndex = 0; path = TaskodoroTests.xctest; sourceTree = BUILT_PRODUCTS_DIR; };
		885952A72823E682004CC870 /* TaskodoroTests.swift */ = {isa = PBXFileReference; lastKnownFileType = sourcecode.swift; path = TaskodoroTests.swift; sourceTree = "<group>"; };
		88CC304527B3D5B300D08D2C /* Taskodoro.app */ = {isa = PBXFileReference; explicitFileType = wrapper.application; includeInIndex = 0; path = Taskodoro.app; sourceTree = BUILT_PRODUCTS_DIR; };
		88CC304827B3D5B300D08D2C /* TaskodoroApp.swift */ = {isa = PBXFileReference; lastKnownFileType = sourcecode.swift; path = TaskodoroApp.swift; sourceTree = "<group>"; };
		88CC304A27B3D5B300D08D2C /* TasksScreen.swift */ = {isa = PBXFileReference; lastKnownFileType = sourcecode.swift; path = TasksScreen.swift; sourceTree = "<group>"; };
		88CC304C27B3D5B600D08D2C /* Assets.xcassets */ = {isa = PBXFileReference; lastKnownFileType = folder.assetcatalog; path = Assets.xcassets; sourceTree = "<group>"; };
		B11352E4282C57ED00EA0D9D /* CombineHelpers.swift */ = {isa = PBXFileReference; lastKnownFileType = sourcecode.swift; path = CombineHelpers.swift; sourceTree = "<group>"; };
		B11352E7282C58D400EA0D9D /* TasksUIComposer.swift */ = {isa = PBXFileReference; lastKnownFileType = sourcecode.swift; path = TasksUIComposer.swift; sourceTree = "<group>"; };
		B11352EA282C5CA900EA0D9D /* TasksContent.swift */ = {isa = PBXFileReference; lastKnownFileType = sourcecode.swift; path = TasksContent.swift; sourceTree = "<group>"; };
		B19A1D48282DB2D00015B7D8 /* DispatcherProvider.swift */ = {isa = PBXFileReference; lastKnownFileType = sourcecode.swift; path = DispatcherProvider.swift; sourceTree = "<group>"; };
		B19A1D4A282DB4130015B7D8 /* DefaultDispatcherProvider.swift */ = {isa = PBXFileReference; lastKnownFileType = sourcecode.swift; path = DefaultDispatcherProvider.swift; sourceTree = "<group>"; };
		B19DA0D528232A4E002C433A /* TasksViewModel.swift */ = {isa = PBXFileReference; lastKnownFileType = sourcecode.swift; path = TasksViewModel.swift; sourceTree = "<group>"; };
/* End PBXFileReference section */

/* Begin PBXFrameworksBuildPhase section */
		885952A22823E682004CC870 /* Frameworks */ = {
			isa = PBXFrameworksBuildPhase;
			buildActionMask = 2147483647;
			files = (
			);
			runOnlyForDeploymentPostprocessing = 0;
		};
		88CC304227B3D5B300D08D2C /* Frameworks */ = {
			isa = PBXFrameworksBuildPhase;
			buildActionMask = 2147483647;
			files = (
			);
			runOnlyForDeploymentPostprocessing = 0;
		};
/* End PBXFrameworksBuildPhase section */

/* Begin PBXGroup section */
		885952A62823E682004CC870 /* TaskodoroTests */ = {
			isa = PBXGroup;
			children = (
				885952A72823E682004CC870 /* TaskodoroTests.swift */,
			);
			path = TaskodoroTests;
			sourceTree = "<group>";
		};
		88CC303C27B3D5B300D08D2C = {
			isa = PBXGroup;
			children = (
				88CC304727B3D5B300D08D2C /* Taskodoro */,
				885952A62823E682004CC870 /* TaskodoroTests */,
				88CC304627B3D5B300D08D2C /* Products */,
			);
			sourceTree = "<group>";
		};
		88CC304627B3D5B300D08D2C /* Products */ = {
			isa = PBXGroup;
			children = (
				88CC304527B3D5B300D08D2C /* Taskodoro.app */,
				885952A52823E682004CC870 /* TaskodoroTests.xctest */,
			);
			name = Products;
			sourceTree = "<group>";
		};
		88CC304727B3D5B300D08D2C /* Taskodoro */ = {
			isa = PBXGroup;
			children = (
				B11352E6282C58B700EA0D9D /* Main */,
				B19DA0D4282329CC002C433A /* Tasks */,
				88CC304827B3D5B300D08D2C /* TaskodoroApp.swift */,
				88CC304C27B3D5B600D08D2C /* Assets.xcassets */,
			);
			path = Taskodoro;
			sourceTree = "<group>";
		};
		B11352E6282C58B700EA0D9D /* Main */ = {
			isa = PBXGroup;
			children = (
				B19A1D47282DB29A0015B7D8 /* Threading */,
				B11352E7282C58D400EA0D9D /* TasksUIComposer.swift */,
				B11352E4282C57ED00EA0D9D /* CombineHelpers.swift */,
			);
			path = Main;
			sourceTree = "<group>";
		};
		B11352E9282C5C9C00EA0D9D /* UI */ = {
			isa = PBXGroup;
			children = (
				88CC304A27B3D5B300D08D2C /* TasksScreen.swift */,
				B11352EA282C5CA900EA0D9D /* TasksContent.swift */,
			);
			path = UI;
			sourceTree = "<group>";
		};
		B19A1D47282DB29A0015B7D8 /* Threading */ = {
			isa = PBXGroup;
			children = (
				B19A1D48282DB2D00015B7D8 /* DispatcherProvider.swift */,
				B19A1D4A282DB4130015B7D8 /* DefaultDispatcherProvider.swift */,
			);
			path = Threading;
			sourceTree = "<group>";
		};
		B19DA0D4282329CC002C433A /* Tasks */ = {
			isa = PBXGroup;
			children = (
				B11352E9282C5C9C00EA0D9D /* UI */,
				B19DA0D528232A4E002C433A /* TasksViewModel.swift */,
			);
			path = Tasks;
			sourceTree = "<group>";
		};
/* End PBXGroup section */

/* Begin PBXNativeTarget section */
		885952A42823E682004CC870 /* TaskodoroTests */ = {
			isa = PBXNativeTarget;
			buildConfigurationList = 885952AB2823E682004CC870 /* Build configuration list for PBXNativeTarget "TaskodoroTests" */;
			buildPhases = (
				885952A12823E682004CC870 /* Sources */,
				885952A22823E682004CC870 /* Frameworks */,
				885952A32823E682004CC870 /* Resources */,
			);
			buildRules = (
			);
			dependencies = (
				885952AA2823E682004CC870 /* PBXTargetDependency */,
			);
			name = TaskodoroTests;
			productName = TaskodoroTests;
			productReference = 885952A52823E682004CC870 /* TaskodoroTests.xctest */;
			productType = "com.apple.product-type.bundle.unit-test";
		};
		88CC304427B3D5B300D08D2C /* Taskodoro */ = {
			isa = PBXNativeTarget;
			buildConfigurationList = 88CC306927B3D5B700D08D2C /* Build configuration list for PBXNativeTarget "Taskodoro" */;
			buildPhases = (
				B19DA0D3282325C1002C433A /* Run Script */,
				88CC304127B3D5B300D08D2C /* Sources */,
				88CC304227B3D5B300D08D2C /* Frameworks */,
				88CC304327B3D5B300D08D2C /* Resources */,
			);
			buildRules = (
			);
			dependencies = (
			);
			name = Taskodoro;
			productName = Taskodoro;
			productReference = 88CC304527B3D5B300D08D2C /* Taskodoro.app */;
			productType = "com.apple.product-type.application";
		};
/* End PBXNativeTarget section */

/* Begin PBXProject section */
		88CC303D27B3D5B300D08D2C /* Project object */ = {
			isa = PBXProject;
			attributes = {
				BuildIndependentTargetsInParallel = 1;
				LastSwiftUpdateCheck = 1330;
				LastUpgradeCheck = 1320;
				TargetAttributes = {
					885952A42823E682004CC870 = {
						CreatedOnToolsVersion = 13.3;
						TestTargetID = 88CC304427B3D5B300D08D2C;
					};
					88CC304427B3D5B300D08D2C = {
						CreatedOnToolsVersion = 13.2.1;
					};
				};
			};
			buildConfigurationList = 88CC304027B3D5B300D08D2C /* Build configuration list for PBXProject "Taskodoro" */;
			compatibilityVersion = "Xcode 13.0";
			developmentRegion = en;
			hasScannedForEncodings = 0;
			knownRegions = (
				en,
				Base,
			);
			mainGroup = 88CC303C27B3D5B300D08D2C;
			productRefGroup = 88CC304627B3D5B300D08D2C /* Products */;
			projectDirPath = "";
			projectRoot = "";
			targets = (
				88CC304427B3D5B300D08D2C /* Taskodoro */,
				885952A42823E682004CC870 /* TaskodoroTests */,
			);
		};
/* End PBXProject section */

/* Begin PBXResourcesBuildPhase section */
		885952A32823E682004CC870 /* Resources */ = {
			isa = PBXResourcesBuildPhase;
			buildActionMask = 2147483647;
			files = (
			);
			runOnlyForDeploymentPostprocessing = 0;
		};
		88CC304327B3D5B300D08D2C /* Resources */ = {
			isa = PBXResourcesBuildPhase;
			buildActionMask = 2147483647;
			files = (
				88CC304D27B3D5B600D08D2C /* Assets.xcassets in Resources */,
			);
			runOnlyForDeploymentPostprocessing = 0;
		};
/* End PBXResourcesBuildPhase section */

/* Begin PBXShellScriptBuildPhase section */
		B19DA0D3282325C1002C433A /* Run Script */ = {
			isa = PBXShellScriptBuildPhase;
			buildActionMask = 2147483647;
			files = (
			);
			inputFileListPaths = (
			);
			inputPaths = (
			);
			name = "Run Script";
			outputFileListPaths = (
			);
			outputPaths = (
			);
			runOnlyForDeploymentPostprocessing = 0;
			shellPath = /bin/sh;
			shellScript = "cd \"$SRCROOT/../../..\"\n./gradlew :tasks:embedAndSignAppleFrameworkForXcode\n./gradlew :storage:embedAndSignAppleFrameworkForXcode\n";
		};
/* End PBXShellScriptBuildPhase section */

/* Begin PBXSourcesBuildPhase section */
		885952A12823E682004CC870 /* Sources */ = {
			isa = PBXSourcesBuildPhase;
			buildActionMask = 2147483647;
			files = (
				885952A82823E682004CC870 /* TaskodoroTests.swift in Sources */,
			);
			runOnlyForDeploymentPostprocessing = 0;
		};
		88CC304127B3D5B300D08D2C /* Sources */ = {
			isa = PBXSourcesBuildPhase;
			buildActionMask = 2147483647;
			files = (
				B11352E8282C58D400EA0D9D /* TasksUIComposer.swift in Sources */,
				88CC304B27B3D5B300D08D2C /* TasksScreen.swift in Sources */,
				B11352EB282C5CA900EA0D9D /* TasksContent.swift in Sources */,
				B19DA0D628232A4E002C433A /* TasksViewModel.swift in Sources */,
				88CC304927B3D5B300D08D2C /* TaskodoroApp.swift in Sources */,
				B19A1D49282DB2D00015B7D8 /* DispatcherProvider.swift in Sources */,
				B19A1D4B282DB4130015B7D8 /* DefaultDispatcherProvider.swift in Sources */,
				B11352E5282C57ED00EA0D9D /* CombineHelpers.swift in Sources */,
			);
			runOnlyForDeploymentPostprocessing = 0;
		};
/* End PBXSourcesBuildPhase section */

/* Begin PBXTargetDependency section */
		885952AA2823E682004CC870 /* PBXTargetDependency */ = {
			isa = PBXTargetDependency;
			target = 88CC304427B3D5B300D08D2C /* Taskodoro */;
			targetProxy = 885952A92823E682004CC870 /* PBXContainerItemProxy */;
		};
/* End PBXTargetDependency section */

/* Begin XCBuildConfiguration section */
		885952AC2823E682004CC870 /* Debug */ = {
			isa = XCBuildConfiguration;
			buildSettings = {
				BUNDLE_LOADER = "$(TEST_HOST)";
				CODE_SIGN_STYLE = Automatic;
				CURRENT_PROJECT_VERSION = 1;
				GENERATE_INFOPLIST_FILE = YES;
				MARKETING_VERSION = 1.0;
				PRODUCT_BUNDLE_IDENTIFIER = com.taskodoro.ios.app.TaskodoroTests;
				PRODUCT_NAME = "$(TARGET_NAME)";
				SWIFT_EMIT_LOC_STRINGS = NO;
				SWIFT_VERSION = 5.0;
				TARGETED_DEVICE_FAMILY = "1,2";
				TEST_HOST = "$(BUILT_PRODUCTS_DIR)/Taskodoro.app/Taskodoro";
			};
			name = Debug;
		};
		885952AD2823E682004CC870 /* Release */ = {
			isa = XCBuildConfiguration;
			buildSettings = {
				BUNDLE_LOADER = "$(TEST_HOST)";
				CODE_SIGN_STYLE = Automatic;
				CURRENT_PROJECT_VERSION = 1;
				GENERATE_INFOPLIST_FILE = YES;
				MARKETING_VERSION = 1.0;
				PRODUCT_BUNDLE_IDENTIFIER = com.taskodoro.ios.app.TaskodoroTests;
				PRODUCT_NAME = "$(TARGET_NAME)";
				SWIFT_EMIT_LOC_STRINGS = NO;
				SWIFT_VERSION = 5.0;
				TARGETED_DEVICE_FAMILY = "1,2";
				TEST_HOST = "$(BUILT_PRODUCTS_DIR)/Taskodoro.app/Taskodoro";
			};
			name = Release;
		};
		88CC306727B3D5B700D08D2C /* Debug */ = {
			isa = XCBuildConfiguration;
			buildSettings = {
				ALWAYS_SEARCH_USER_PATHS = NO;
				CLANG_ANALYZER_NONNULL = YES;
				CLANG_ANALYZER_NUMBER_OBJECT_CONVERSION = YES_AGGRESSIVE;
				CLANG_CXX_LANGUAGE_STANDARD = "gnu++17";
				CLANG_CXX_LIBRARY = "libc++";
				CLANG_ENABLE_MODULES = YES;
				CLANG_ENABLE_OBJC_ARC = YES;
				CLANG_ENABLE_OBJC_WEAK = YES;
				CLANG_WARN_BLOCK_CAPTURE_AUTORELEASING = YES;
				CLANG_WARN_BOOL_CONVERSION = YES;
				CLANG_WARN_COMMA = YES;
				CLANG_WARN_CONSTANT_CONVERSION = YES;
				CLANG_WARN_DEPRECATED_OBJC_IMPLEMENTATIONS = YES;
				CLANG_WARN_DIRECT_OBJC_ISA_USAGE = YES_ERROR;
				CLANG_WARN_DOCUMENTATION_COMMENTS = YES;
				CLANG_WARN_EMPTY_BODY = YES;
				CLANG_WARN_ENUM_CONVERSION = YES;
				CLANG_WARN_INFINITE_RECURSION = YES;
				CLANG_WARN_INT_CONVERSION = YES;
				CLANG_WARN_NON_LITERAL_NULL_CONVERSION = YES;
				CLANG_WARN_OBJC_IMPLICIT_RETAIN_SELF = YES;
				CLANG_WARN_OBJC_LITERAL_CONVERSION = YES;
				CLANG_WARN_OBJC_ROOT_CLASS = YES_ERROR;
				CLANG_WARN_QUOTED_INCLUDE_IN_FRAMEWORK_HEADER = YES;
				CLANG_WARN_RANGE_LOOP_ANALYSIS = YES;
				CLANG_WARN_STRICT_PROTOTYPES = YES;
				CLANG_WARN_SUSPICIOUS_MOVE = YES;
				CLANG_WARN_UNGUARDED_AVAILABILITY = YES_AGGRESSIVE;
				CLANG_WARN_UNREACHABLE_CODE = YES;
				CLANG_WARN__DUPLICATE_METHOD_MATCH = YES;
				COPY_PHASE_STRIP = NO;
				DEBUG_INFORMATION_FORMAT = dwarf;
				ENABLE_STRICT_OBJC_MSGSEND = YES;
				ENABLE_TESTABILITY = YES;
				GCC_C_LANGUAGE_STANDARD = gnu11;
				GCC_DYNAMIC_NO_PIC = NO;
				GCC_NO_COMMON_BLOCKS = YES;
				GCC_OPTIMIZATION_LEVEL = 0;
				GCC_PREPROCESSOR_DEFINITIONS = (
					"DEBUG=1",
					"$(inherited)",
				);
				GCC_WARN_64_TO_32_BIT_CONVERSION = YES;
				GCC_WARN_ABOUT_RETURN_TYPE = YES_ERROR;
				GCC_WARN_UNDECLARED_SELECTOR = YES;
				GCC_WARN_UNINITIALIZED_AUTOS = YES_AGGRESSIVE;
				GCC_WARN_UNUSED_FUNCTION = YES;
				GCC_WARN_UNUSED_VARIABLE = YES;
				IPHONEOS_DEPLOYMENT_TARGET = 15.4;
				MTL_ENABLE_DEBUG_INFO = INCLUDE_SOURCE;
				MTL_FAST_MATH = YES;
				ONLY_ACTIVE_ARCH = YES;
				SDKROOT = iphoneos;
				SWIFT_ACTIVE_COMPILATION_CONDITIONS = DEBUG;
				SWIFT_OPTIMIZATION_LEVEL = "-Onone";
			};
			name = Debug;
		};
		88CC306827B3D5B700D08D2C /* Release */ = {
			isa = XCBuildConfiguration;
			buildSettings = {
				ALWAYS_SEARCH_USER_PATHS = NO;
				CLANG_ANALYZER_NONNULL = YES;
				CLANG_ANALYZER_NUMBER_OBJECT_CONVERSION = YES_AGGRESSIVE;
				CLANG_CXX_LANGUAGE_STANDARD = "gnu++17";
				CLANG_CXX_LIBRARY = "libc++";
				CLANG_ENABLE_MODULES = YES;
				CLANG_ENABLE_OBJC_ARC = YES;
				CLANG_ENABLE_OBJC_WEAK = YES;
				CLANG_WARN_BLOCK_CAPTURE_AUTORELEASING = YES;
				CLANG_WARN_BOOL_CONVERSION = YES;
				CLANG_WARN_COMMA = YES;
				CLANG_WARN_CONSTANT_CONVERSION = YES;
				CLANG_WARN_DEPRECATED_OBJC_IMPLEMENTATIONS = YES;
				CLANG_WARN_DIRECT_OBJC_ISA_USAGE = YES_ERROR;
				CLANG_WARN_DOCUMENTATION_COMMENTS = YES;
				CLANG_WARN_EMPTY_BODY = YES;
				CLANG_WARN_ENUM_CONVERSION = YES;
				CLANG_WARN_INFINITE_RECURSION = YES;
				CLANG_WARN_INT_CONVERSION = YES;
				CLANG_WARN_NON_LITERAL_NULL_CONVERSION = YES;
				CLANG_WARN_OBJC_IMPLICIT_RETAIN_SELF = YES;
				CLANG_WARN_OBJC_LITERAL_CONVERSION = YES;
				CLANG_WARN_OBJC_ROOT_CLASS = YES_ERROR;
				CLANG_WARN_QUOTED_INCLUDE_IN_FRAMEWORK_HEADER = YES;
				CLANG_WARN_RANGE_LOOP_ANALYSIS = YES;
				CLANG_WARN_STRICT_PROTOTYPES = YES;
				CLANG_WARN_SUSPICIOUS_MOVE = YES;
				CLANG_WARN_UNGUARDED_AVAILABILITY = YES_AGGRESSIVE;
				CLANG_WARN_UNREACHABLE_CODE = YES;
				CLANG_WARN__DUPLICATE_METHOD_MATCH = YES;
				COPY_PHASE_STRIP = NO;
				DEBUG_INFORMATION_FORMAT = "dwarf-with-dsym";
				ENABLE_NS_ASSERTIONS = NO;
				ENABLE_STRICT_OBJC_MSGSEND = YES;
				GCC_C_LANGUAGE_STANDARD = gnu11;
				GCC_NO_COMMON_BLOCKS = YES;
				GCC_WARN_64_TO_32_BIT_CONVERSION = YES;
				GCC_WARN_ABOUT_RETURN_TYPE = YES_ERROR;
				GCC_WARN_UNDECLARED_SELECTOR = YES;
				GCC_WARN_UNINITIALIZED_AUTOS = YES_AGGRESSIVE;
				GCC_WARN_UNUSED_FUNCTION = YES;
				GCC_WARN_UNUSED_VARIABLE = YES;
				IPHONEOS_DEPLOYMENT_TARGET = 15.4;
				MTL_ENABLE_DEBUG_INFO = NO;
				MTL_FAST_MATH = YES;
				SDKROOT = iphoneos;
				SWIFT_COMPILATION_MODE = wholemodule;
				SWIFT_OPTIMIZATION_LEVEL = "-O";
				VALIDATE_PRODUCT = YES;
			};
			name = Release;
		};
		88CC306A27B3D5B700D08D2C /* Debug */ = {
			isa = XCBuildConfiguration;
			buildSettings = {
				ASSETCATALOG_COMPILER_APPICON_NAME = AppIcon;
				ASSETCATALOG_COMPILER_GLOBAL_ACCENT_COLOR_NAME = AccentColor;
				CODE_SIGN_STYLE = Automatic;
				CURRENT_PROJECT_VERSION = 1;
				DEVELOPMENT_ASSET_PATHS = "";
				ENABLE_PREVIEWS = YES;
				FRAMEWORK_SEARCH_PATHS = (
					"$(SRCROOT)/../../../tasks/build/xcode-frameworks/$(CONFIGURATION)/$(SDK_NAME)",
					"$(SRCROOT)/../../../storage/build/xcode-frameworks/$(CONFIGURATION)/$(SDK_NAME)",
				);
				GENERATE_INFOPLIST_FILE = YES;
				INFOPLIST_KEY_UIApplicationSceneManifest_Generation = YES;
				INFOPLIST_KEY_UIApplicationSupportsIndirectInputEvents = YES;
				INFOPLIST_KEY_UILaunchScreen_Generation = YES;
				INFOPLIST_KEY_UISupportedInterfaceOrientations = UIInterfaceOrientationPortrait;
				INFOPLIST_KEY_UISupportedInterfaceOrientations_iPad = "UIInterfaceOrientationPortrait UIInterfaceOrientationPortraitUpsideDown UIInterfaceOrientationLandscapeLeft UIInterfaceOrientationLandscapeRight";
				INFOPLIST_KEY_UISupportedInterfaceOrientations_iPhone = "UIInterfaceOrientationPortrait UIInterfaceOrientationLandscapeLeft UIInterfaceOrientationLandscapeRight";
				IPHONEOS_DEPLOYMENT_TARGET = 14.0;
				LD_RUNPATH_SEARCH_PATHS = (
					"$(inherited)",
					"@executable_path/Frameworks",
				);
				MARKETING_VERSION = 1.0;
				OTHER_LDFLAGS = (
					"$(inherited)",
					"-framework",
					Tasks,
					"$(inherited)",
					"-framework",
					Storage,
				);
				PRODUCT_BUNDLE_IDENTIFIER = com.taskodoro.ios.app;
				PRODUCT_NAME = "$(TARGET_NAME)";
				SWIFT_EMIT_LOC_STRINGS = YES;
				SWIFT_VERSION = 5.0;
				TARGETED_DEVICE_FAMILY = 1;
			};
			name = Debug;
		};
		88CC306B27B3D5B700D08D2C /* Release */ = {
			isa = XCBuildConfiguration;
			buildSettings = {
				ASSETCATALOG_COMPILER_APPICON_NAME = AppIcon;
				ASSETCATALOG_COMPILER_GLOBAL_ACCENT_COLOR_NAME = AccentColor;
				CODE_SIGN_STYLE = Automatic;
				CURRENT_PROJECT_VERSION = 1;
				DEVELOPMENT_ASSET_PATHS = "";
				ENABLE_PREVIEWS = YES;
				FRAMEWORK_SEARCH_PATHS = (
					"$(SRCROOT)/../../../tasks/build/xcode-frameworks/$(CONFIGURATION)/$(SDK_NAME)",
					"$(SRCROOT)/../../../storage/build/xcode-frameworks/$(CONFIGURATION)/$(SDK_NAME)",
				);
				GENERATE_INFOPLIST_FILE = YES;
				INFOPLIST_KEY_UIApplicationSceneManifest_Generation = YES;
				INFOPLIST_KEY_UIApplicationSupportsIndirectInputEvents = YES;
				INFOPLIST_KEY_UILaunchScreen_Generation = YES;
				INFOPLIST_KEY_UISupportedInterfaceOrientations = UIInterfaceOrientationPortrait;
				INFOPLIST_KEY_UISupportedInterfaceOrientations_iPad = "UIInterfaceOrientationPortrait UIInterfaceOrientationPortraitUpsideDown UIInterfaceOrientationLandscapeLeft UIInterfaceOrientationLandscapeRight";
				INFOPLIST_KEY_UISupportedInterfaceOrientations_iPhone = "UIInterfaceOrientationPortrait UIInterfaceOrientationLandscapeLeft UIInterfaceOrientationLandscapeRight";
				IPHONEOS_DEPLOYMENT_TARGET = 14.0;
				LD_RUNPATH_SEARCH_PATHS = (
					"$(inherited)",
					"@executable_path/Frameworks",
				);
				MARKETING_VERSION = 1.0;
				OTHER_LDFLAGS = (
					"$(inherited)",
					"-framework",
					Tasks,
					"$(inherited)",
					"-framework",
					Storage,
				);
				PRODUCT_BUNDLE_IDENTIFIER = com.taskodoro.ios.app;
				PRODUCT_NAME = "$(TARGET_NAME)";
				SWIFT_EMIT_LOC_STRINGS = YES;
				SWIFT_VERSION = 5.0;
				TARGETED_DEVICE_FAMILY = 1;
			};
			name = Release;
		};
/* End XCBuildConfiguration section */

/* Begin XCConfigurationList section */
		885952AB2823E682004CC870 /* Build configuration list for PBXNativeTarget "TaskodoroTests" */ = {
			isa = XCConfigurationList;
			buildConfigurations = (
				885952AC2823E682004CC870 /* Debug */,
				885952AD2823E682004CC870 /* Release */,
			);
			defaultConfigurationIsVisible = 0;
			defaultConfigurationName = Release;
		};
		88CC304027B3D5B300D08D2C /* Build configuration list for PBXProject "Taskodoro" */ = {
			isa = XCConfigurationList;
			buildConfigurations = (
				88CC306727B3D5B700D08D2C /* Debug */,
				88CC306827B3D5B700D08D2C /* Release */,
			);
			defaultConfigurationIsVisible = 0;
			defaultConfigurationName = Release;
		};
		88CC306927B3D5B700D08D2C /* Build configuration list for PBXNativeTarget "Taskodoro" */ = {
			isa = XCConfigurationList;
			buildConfigurations = (
				88CC306A27B3D5B700D08D2C /* Debug */,
				88CC306B27B3D5B700D08D2C /* Release */,
			);
			defaultConfigurationIsVisible = 0;
			defaultConfigurationName = Release;
		};
/* End XCConfigurationList section */
	};
	rootObject = 88CC303D27B3D5B300D08D2C /* Project object */;
}
