// !$*UTF8*$!
{
	archiveVersion = 1;
	classes = {
	};
	objectVersion = 55;
	objects = {

/* Begin PBXBuildFile section */
		88CC304927B3D5B300D08D2C /* TaskodoroApp.swift in Sources */ = {isa = PBXBuildFile; fileRef = 88CC304827B3D5B300D08D2C /* TaskodoroApp.swift */; };
		88CC304B27B3D5B300D08D2C /* ContentView.swift in Sources */ = {isa = PBXBuildFile; fileRef = 88CC304A27B3D5B300D08D2C /* ContentView.swift */; };
		88CC304D27B3D5B600D08D2C /* Assets.xcassets in Resources */ = {isa = PBXBuildFile; fileRef = 88CC304C27B3D5B600D08D2C /* Assets.xcassets */; };
		88CC305027B3D5B600D08D2C /* Preview Assets.xcassets in Resources */ = {isa = PBXBuildFile; fileRef = 88CC304F27B3D5B600D08D2C /* Preview Assets.xcassets */; };
		88CC305A27B3D5B600D08D2C /* TaskodoroTests.swift in Sources */ = {isa = PBXBuildFile; fileRef = 88CC305927B3D5B600D08D2C /* TaskodoroTests.swift */; };
		88CC306427B3D5B700D08D2C /* TaskodoroUITests.swift in Sources */ = {isa = PBXBuildFile; fileRef = 88CC306327B3D5B700D08D2C /* TaskodoroUITests.swift */; };
		88CC306627B3D5B700D08D2C /* TaskodoroUITestsLaunchTests.swift in Sources */ = {isa = PBXBuildFile; fileRef = 88CC306527B3D5B700D08D2C /* TaskodoroUITestsLaunchTests.swift */; };
/* End PBXBuildFile section */

/* Begin PBXContainerItemProxy section */
		88CC305627B3D5B600D08D2C /* PBXContainerItemProxy */ = {
			isa = PBXContainerItemProxy;
			containerPortal = 88CC303D27B3D5B300D08D2C /* Project object */;
			proxyType = 1;
			remoteGlobalIDString = 88CC304427B3D5B300D08D2C;
			remoteInfo = Taskodoro;
		};
		88CC306027B3D5B600D08D2C /* PBXContainerItemProxy */ = {
			isa = PBXContainerItemProxy;
			containerPortal = 88CC303D27B3D5B300D08D2C /* Project object */;
			proxyType = 1;
			remoteGlobalIDString = 88CC304427B3D5B300D08D2C;
			remoteInfo = Taskodoro;
		};
/* End PBXContainerItemProxy section */

/* Begin PBXFileReference section */
		88CC304527B3D5B300D08D2C /* Taskodoro.app */ = {isa = PBXFileReference; explicitFileType = wrapper.application; includeInIndex = 0; path = Taskodoro.app; sourceTree = BUILT_PRODUCTS_DIR; };
		88CC304827B3D5B300D08D2C /* TaskodoroApp.swift */ = {isa = PBXFileReference; lastKnownFileType = sourcecode.swift; path = TaskodoroApp.swift; sourceTree = "<group>"; };
		88CC304A27B3D5B300D08D2C /* ContentView.swift */ = {isa = PBXFileReference; lastKnownFileType = sourcecode.swift; path = ContentView.swift; sourceTree = "<group>"; };
		88CC304C27B3D5B600D08D2C /* Assets.xcassets */ = {isa = PBXFileReference; lastKnownFileType = folder.assetcatalog; path = Assets.xcassets; sourceTree = "<group>"; };
		88CC304F27B3D5B600D08D2C /* Preview Assets.xcassets */ = {isa = PBXFileReference; lastKnownFileType = folder.assetcatalog; path = "Preview Assets.xcassets"; sourceTree = "<group>"; };
		88CC305527B3D5B600D08D2C /* TaskodoroTests.xctest */ = {isa = PBXFileReference; explicitFileType = wrapper.cfbundle; includeInIndex = 0; path = TaskodoroTests.xctest; sourceTree = BUILT_PRODUCTS_DIR; };
		88CC305927B3D5B600D08D2C /* TaskodoroTests.swift */ = {isa = PBXFileReference; lastKnownFileType = sourcecode.swift; path = TaskodoroTests.swift; sourceTree = "<group>"; };
		88CC305F27B3D5B600D08D2C /* TaskodoroUITests.xctest */ = {isa = PBXFileReference; explicitFileType = wrapper.cfbundle; includeInIndex = 0; path = TaskodoroUITests.xctest; sourceTree = BUILT_PRODUCTS_DIR; };
		88CC306327B3D5B700D08D2C /* TaskodoroUITests.swift */ = {isa = PBXFileReference; lastKnownFileType = sourcecode.swift; path = TaskodoroUITests.swift; sourceTree = "<group>"; };
		88CC306527B3D5B700D08D2C /* TaskodoroUITestsLaunchTests.swift */ = {isa = PBXFileReference; lastKnownFileType = sourcecode.swift; path = TaskodoroUITestsLaunchTests.swift; sourceTree = "<group>"; };
/* End PBXFileReference section */

/* Begin PBXFrameworksBuildPhase section */
		88CC304227B3D5B300D08D2C /* Frameworks */ = {
			isa = PBXFrameworksBuildPhase;
			buildActionMask = 2147483647;
			files = (
			);
			runOnlyForDeploymentPostprocessing = 0;
		};
		88CC305227B3D5B600D08D2C /* Frameworks */ = {
			isa = PBXFrameworksBuildPhase;
			buildActionMask = 2147483647;
			files = (
			);
			runOnlyForDeploymentPostprocessing = 0;
		};
		88CC305C27B3D5B600D08D2C /* Frameworks */ = {
			isa = PBXFrameworksBuildPhase;
			buildActionMask = 2147483647;
			files = (
			);
			runOnlyForDeploymentPostprocessing = 0;
		};
/* End PBXFrameworksBuildPhase section */

/* Begin PBXGroup section */
		88CC303C27B3D5B300D08D2C = {
			isa = PBXGroup;
			children = (
				88CC304727B3D5B300D08D2C /* Taskodoro */,
				88CC305827B3D5B600D08D2C /* TaskodoroTests */,
				88CC306227B3D5B700D08D2C /* TaskodoroUITests */,
				88CC304627B3D5B300D08D2C /* Products */,
			);
			sourceTree = "<group>";
		};
		88CC304627B3D5B300D08D2C /* Products */ = {
			isa = PBXGroup;
			children = (
				88CC304527B3D5B300D08D2C /* Taskodoro.app */,
				88CC305527B3D5B600D08D2C /* TaskodoroTests.xctest */,
				88CC305F27B3D5B600D08D2C /* TaskodoroUITests.xctest */,
			);
			name = Products;
			sourceTree = "<group>";
		};
		88CC304727B3D5B300D08D2C /* Taskodoro */ = {
			isa = PBXGroup;
			children = (
				88CC304827B3D5B300D08D2C /* TaskodoroApp.swift */,
				88CC304A27B3D5B300D08D2C /* ContentView.swift */,
				88CC304C27B3D5B600D08D2C /* Assets.xcassets */,
				88CC304E27B3D5B600D08D2C /* Preview Content */,
			);
			path = Taskodoro;
			sourceTree = "<group>";
		};
		88CC304E27B3D5B600D08D2C /* Preview Content */ = {
			isa = PBXGroup;
			children = (
				88CC304F27B3D5B600D08D2C /* Preview Assets.xcassets */,
			);
			path = "Preview Content";
			sourceTree = "<group>";
		};
		88CC305827B3D5B600D08D2C /* TaskodoroTests */ = {
			isa = PBXGroup;
			children = (
				88CC305927B3D5B600D08D2C /* TaskodoroTests.swift */,
			);
			path = TaskodoroTests;
			sourceTree = "<group>";
		};
		88CC306227B3D5B700D08D2C /* TaskodoroUITests */ = {
			isa = PBXGroup;
			children = (
				88CC306327B3D5B700D08D2C /* TaskodoroUITests.swift */,
				88CC306527B3D5B700D08D2C /* TaskodoroUITestsLaunchTests.swift */,
			);
			path = TaskodoroUITests;
			sourceTree = "<group>";
		};
/* End PBXGroup section */

/* Begin PBXNativeTarget section */
		88CC304427B3D5B300D08D2C /* Taskodoro */ = {
			isa = PBXNativeTarget;
			buildConfigurationList = 88CC306927B3D5B700D08D2C /* Build configuration list for PBXNativeTarget "Taskodoro" */;
			buildPhases = (
				88CC304127B3D5B300D08D2C /* Sources */,
				88CC304227B3D5B300D08D2C /* Frameworks */,
				88CC304327B3D5B300D08D2C /* Resources */,
			);
			buildRules = (
			);
			dependencies = (
			);
			name = Taskodoro;
			productName = Taskodoro;
			productReference = 88CC304527B3D5B300D08D2C /* Taskodoro.app */;
			productType = "com.apple.product-type.application";
		};
		88CC305427B3D5B600D08D2C /* TaskodoroTests */ = {
			isa = PBXNativeTarget;
			buildConfigurationList = 88CC306C27B3D5B700D08D2C /* Build configuration list for PBXNativeTarget "TaskodoroTests" */;
			buildPhases = (
				88CC305127B3D5B600D08D2C /* Sources */,
				88CC305227B3D5B600D08D2C /* Frameworks */,
				88CC305327B3D5B600D08D2C /* Resources */,
			);
			buildRules = (
			);
			dependencies = (
				88CC305727B3D5B600D08D2C /* PBXTargetDependency */,
			);
			name = TaskodoroTests;
			productName = TaskodoroTests;
			productReference = 88CC305527B3D5B600D08D2C /* TaskodoroTests.xctest */;
			productType = "com.apple.product-type.bundle.unit-test";
		};
		88CC305E27B3D5B600D08D2C /* TaskodoroUITests */ = {
			isa = PBXNativeTarget;
			buildConfigurationList = 88CC306F27B3D5B700D08D2C /* Build configuration list for PBXNativeTarget "TaskodoroUITests" */;
			buildPhases = (
				88CC305B27B3D5B600D08D2C /* Sources */,
				88CC305C27B3D5B600D08D2C /* Frameworks */,
				88CC305D27B3D5B600D08D2C /* Resources */,
			);
			buildRules = (
			);
			dependencies = (
				88CC306127B3D5B600D08D2C /* PBXTargetDependency */,
			);
			name = TaskodoroUITests;
			productName = TaskodoroUITests;
			productReference = 88CC305F27B3D5B600D08D2C /* TaskodoroUITests.xctest */;
			productType = "com.apple.product-type.bundle.ui-testing";
		};
/* End PBXNativeTarget section */

/* Begin PBXProject section */
		88CC303D27B3D5B300D08D2C /* Project object */ = {
			isa = PBXProject;
			attributes = {
				BuildIndependentTargetsInParallel = 1;
				LastSwiftUpdateCheck = 1320;
				LastUpgradeCheck = 1320;
				TargetAttributes = {
					88CC304427B3D5B300D08D2C = {
						CreatedOnToolsVersion = 13.2.1;
					};
					88CC305427B3D5B600D08D2C = {
						CreatedOnToolsVersion = 13.2.1;
						TestTargetID = 88CC304427B3D5B300D08D2C;
					};
					88CC305E27B3D5B600D08D2C = {
						CreatedOnToolsVersion = 13.2.1;
						TestTargetID = 88CC304427B3D5B300D08D2C;
					};
				};
			};
			buildConfigurationList = 88CC304027B3D5B300D08D2C /* Build configuration list for PBXProject "Taskodoro" */;
			compatibilityVersion = "Xcode 13.0";
			developmentRegion = en;
			hasScannedForEncodings = 0;
			knownRegions = (
				en,
				Base,
			);
			mainGroup = 88CC303C27B3D5B300D08D2C;
			productRefGroup = 88CC304627B3D5B300D08D2C /* Products */;
			projectDirPath = "";
			projectRoot = "";
			targets = (
				88CC304427B3D5B300D08D2C /* Taskodoro */,
				88CC305427B3D5B600D08D2C /* TaskodoroTests */,
				88CC305E27B3D5B600D08D2C /* TaskodoroUITests */,
			);
		};
/* End PBXProject section */

/* Begin PBXResourcesBuildPhase section */
		88CC304327B3D5B300D08D2C /* Resources */ = {
			isa = PBXResourcesBuildPhase;
			buildActionMask = 2147483647;
			files = (
				88CC305027B3D5B600D08D2C /* Preview Assets.xcassets in Resources */,
				88CC304D27B3D5B600D08D2C /* Assets.xcassets in Resources */,
			);
			runOnlyForDeploymentPostprocessing = 0;
		};
		88CC305327B3D5B600D08D2C /* Resources */ = {
			isa = PBXResourcesBuildPhase;
			buildActionMask = 2147483647;
			files = (
			);
			runOnlyForDeploymentPostprocessing = 0;
		};
		88CC305D27B3D5B600D08D2C /* Resources */ = {
			isa = PBXResourcesBuildPhase;
			buildActionMask = 2147483647;
			files = (
			);
			runOnlyForDeploymentPostprocessing = 0;
		};
/* End PBXResourcesBuildPhase section */

/* Begin PBXSourcesBuildPhase section */
		88CC304127B3D5B300D08D2C /* Sources */ = {
			isa = PBXSourcesBuildPhase;
			buildActionMask = 2147483647;
			files = (
				88CC304B27B3D5B300D08D2C /* ContentView.swift in Sources */,
				88CC304927B3D5B300D08D2C /* TaskodoroApp.swift in Sources */,
			);
			runOnlyForDeploymentPostprocessing = 0;
		};
		88CC305127B3D5B600D08D2C /* Sources */ = {
			isa = PBXSourcesBuildPhase;
			buildActionMask = 2147483647;
			files = (
				88CC305A27B3D5B600D08D2C /* TaskodoroTests.swift in Sources */,
			);
			runOnlyForDeploymentPostprocessing = 0;
		};
		88CC305B27B3D5B600D08D2C /* Sources */ = {
			isa = PBXSourcesBuildPhase;
			buildActionMask = 2147483647;
			files = (
				88CC306427B3D5B700D08D2C /* TaskodoroUITests.swift in Sources */,
				88CC306627B3D5B700D08D2C /* TaskodoroUITestsLaunchTests.swift in Sources */,
			);
			runOnlyForDeploymentPostprocessing = 0;
		};
/* End PBXSourcesBuildPhase section */

/* Begin PBXTargetDependency section */
		88CC305727B3D5B600D08D2C /* PBXTargetDependency */ = {
			isa = PBXTargetDependency;
			target = 88CC304427B3D5B300D08D2C /* Taskodoro */;
			targetProxy = 88CC305627B3D5B600D08D2C /* PBXContainerItemProxy */;
		};
		88CC306127B3D5B600D08D2C /* PBXTargetDependency */ = {
			isa = PBXTargetDependency;
			target = 88CC304427B3D5B300D08D2C /* Taskodoro */;
			targetProxy = 88CC306027B3D5B600D08D2C /* PBXContainerItemProxy */;
		};
/* End PBXTargetDependency section */

/* Begin XCBuildConfiguration section */
		88CC306727B3D5B700D08D2C /* Debug */ = {
			isa = XCBuildConfiguration;
			buildSettings = {
				ALWAYS_SEARCH_USER_PATHS = NO;
				CLANG_ANALYZER_NONNULL = YES;
				CLANG_ANALYZER_NUMBER_OBJECT_CONVERSION = YES_AGGRESSIVE;
				CLANG_CXX_LANGUAGE_STANDARD = "gnu++17";
				CLANG_CXX_LIBRARY = "libc++";
				CLANG_ENABLE_MODULES = YES;
				CLANG_ENABLE_OBJC_ARC = YES;
				CLANG_ENABLE_OBJC_WEAK = YES;
				CLANG_WARN_BLOCK_CAPTURE_AUTORELEASING = YES;
				CLANG_WARN_BOOL_CONVERSION = YES;
				CLANG_WARN_COMMA = YES;
				CLANG_WARN_CONSTANT_CONVERSION = YES;
				CLANG_WARN_DEPRECATED_OBJC_IMPLEMENTATIONS = YES;
				CLANG_WARN_DIRECT_OBJC_ISA_USAGE = YES_ERROR;
				CLANG_WARN_DOCUMENTATION_COMMENTS = YES;
				CLANG_WARN_EMPTY_BODY = YES;
				CLANG_WARN_ENUM_CONVERSION = YES;
				CLANG_WARN_INFINITE_RECURSION = YES;
				CLANG_WARN_INT_CONVERSION = YES;
				CLANG_WARN_NON_LITERAL_NULL_CONVERSION = YES;
				CLANG_WARN_OBJC_IMPLICIT_RETAIN_SELF = YES;
				CLANG_WARN_OBJC_LITERAL_CONVERSION = YES;
				CLANG_WARN_OBJC_ROOT_CLASS = YES_ERROR;
				CLANG_WARN_QUOTED_INCLUDE_IN_FRAMEWORK_HEADER = YES;
				CLANG_WARN_RANGE_LOOP_ANALYSIS = YES;
				CLANG_WARN_STRICT_PROTOTYPES = YES;
				CLANG_WARN_SUSPICIOUS_MOVE = YES;
				CLANG_WARN_UNGUARDED_AVAILABILITY = YES_AGGRESSIVE;
				CLANG_WARN_UNREACHABLE_CODE = YES;
				CLANG_WARN__DUPLICATE_METHOD_MATCH = YES;
				COPY_PHASE_STRIP = NO;
				DEBUG_INFORMATION_FORMAT = dwarf;
				ENABLE_STRICT_OBJC_MSGSEND = YES;
				ENABLE_TESTABILITY = YES;
				GCC_C_LANGUAGE_STANDARD = gnu11;
				GCC_DYNAMIC_NO_PIC = NO;
				GCC_NO_COMMON_BLOCKS = YES;
				GCC_OPTIMIZATION_LEVEL = 0;
				GCC_PREPROCESSOR_DEFINITIONS = (
					"DEBUG=1",
					"$(inherited)",
				);
				GCC_WARN_64_TO_32_BIT_CONVERSION = YES;
				GCC_WARN_ABOUT_RETURN_TYPE = YES_ERROR;
				GCC_WARN_UNDECLARED_SELECTOR = YES;
				GCC_WARN_UNINITIALIZED_AUTOS = YES_AGGRESSIVE;
				GCC_WARN_UNUSED_FUNCTION = YES;
				GCC_WARN_UNUSED_VARIABLE = YES;
				IPHONEOS_DEPLOYMENT_TARGET = 15.2;
				MTL_ENABLE_DEBUG_INFO = INCLUDE_SOURCE;
				MTL_FAST_MATH = YES;
				ONLY_ACTIVE_ARCH = YES;
				SDKROOT = iphoneos;
				SWIFT_ACTIVE_COMPILATION_CONDITIONS = DEBUG;
				SWIFT_OPTIMIZATION_LEVEL = "-Onone";
			};
			name = Debug;
		};
		88CC306827B3D5B700D08D2C /* Release */ = {
			isa = XCBuildConfiguration;
			buildSettings = {
				ALWAYS_SEARCH_USER_PATHS = NO;
				CLANG_ANALYZER_NONNULL = YES;
				CLANG_ANALYZER_NUMBER_OBJECT_CONVERSION = YES_AGGRESSIVE;
				CLANG_CXX_LANGUAGE_STANDARD = "gnu++17";
				CLANG_CXX_LIBRARY = "libc++";
				CLANG_ENABLE_MODULES = YES;
				CLANG_ENABLE_OBJC_ARC = YES;
				CLANG_ENABLE_OBJC_WEAK = YES;
				CLANG_WARN_BLOCK_CAPTURE_AUTORELEASING = YES;
				CLANG_WARN_BOOL_CONVERSION = YES;
				CLANG_WARN_COMMA = YES;
				CLANG_WARN_CONSTANT_CONVERSION = YES;
				CLANG_WARN_DEPRECATED_OBJC_IMPLEMENTATIONS = YES;
				CLANG_WARN_DIRECT_OBJC_ISA_USAGE = YES_ERROR;
				CLANG_WARN_DOCUMENTATION_COMMENTS = YES;
				CLANG_WARN_EMPTY_BODY = YES;
				CLANG_WARN_ENUM_CONVERSION = YES;
				CLANG_WARN_INFINITE_RECURSION = YES;
				CLANG_WARN_INT_CONVERSION = YES;
				CLANG_WARN_NON_LITERAL_NULL_CONVERSION = YES;
				CLANG_WARN_OBJC_IMPLICIT_RETAIN_SELF = YES;
				CLANG_WARN_OBJC_LITERAL_CONVERSION = YES;
				CLANG_WARN_OBJC_ROOT_CLASS = YES_ERROR;
				CLANG_WARN_QUOTED_INCLUDE_IN_FRAMEWORK_HEADER = YES;
				CLANG_WARN_RANGE_LOOP_ANALYSIS = YES;
				CLANG_WARN_STRICT_PROTOTYPES = YES;
				CLANG_WARN_SUSPICIOUS_MOVE = YES;
				CLANG_WARN_UNGUARDED_AVAILABILITY = YES_AGGRESSIVE;
				CLANG_WARN_UNREACHABLE_CODE = YES;
				CLANG_WARN__DUPLICATE_METHOD_MATCH = YES;
				COPY_PHASE_STRIP = NO;
				DEBUG_INFORMATION_FORMAT = "dwarf-with-dsym";
				ENABLE_NS_ASSERTIONS = NO;
				ENABLE_STRICT_OBJC_MSGSEND = YES;
				GCC_C_LANGUAGE_STANDARD = gnu11;
				GCC_NO_COMMON_BLOCKS = YES;
				GCC_WARN_64_TO_32_BIT_CONVERSION = YES;
				GCC_WARN_ABOUT_RETURN_TYPE = YES_ERROR;
				GCC_WARN_UNDECLARED_SELECTOR = YES;
				GCC_WARN_UNINITIALIZED_AUTOS = YES_AGGRESSIVE;
				GCC_WARN_UNUSED_FUNCTION = YES;
				GCC_WARN_UNUSED_VARIABLE = YES;
				IPHONEOS_DEPLOYMENT_TARGET = 15.2;
				MTL_ENABLE_DEBUG_INFO = NO;
				MTL_FAST_MATH = YES;
				SDKROOT = iphoneos;
				SWIFT_COMPILATION_MODE = wholemodule;
				SWIFT_OPTIMIZATION_LEVEL = "-O";
				VALIDATE_PRODUCT = YES;
			};
			name = Release;
		};
		88CC306A27B3D5B700D08D2C /* Debug */ = {
			isa = XCBuildConfiguration;
			buildSettings = {
				ASSETCATALOG_COMPILER_APPICON_NAME = AppIcon;
				ASSETCATALOG_COMPILER_GLOBAL_ACCENT_COLOR_NAME = AccentColor;
				CODE_SIGN_STYLE = Automatic;
				CURRENT_PROJECT_VERSION = 1;
				DEVELOPMENT_ASSET_PATHS = "\"Taskodoro/Preview Content\"";
				ENABLE_PREVIEWS = YES;
				GENERATE_INFOPLIST_FILE = YES;
				INFOPLIST_KEY_UIApplicationSceneManifest_Generation = YES;
				INFOPLIST_KEY_UIApplicationSupportsIndirectInputEvents = YES;
				INFOPLIST_KEY_UILaunchScreen_Generation = YES;
				INFOPLIST_KEY_UISupportedInterfaceOrientations = UIInterfaceOrientationPortrait;
				INFOPLIST_KEY_UISupportedInterfaceOrientations_iPad = "UIInterfaceOrientationPortrait UIInterfaceOrientationPortraitUpsideDown UIInterfaceOrientationLandscapeLeft UIInterfaceOrientationLandscapeRight";
				INFOPLIST_KEY_UISupportedInterfaceOrientations_iPhone = "UIInterfaceOrientationPortrait UIInterfaceOrientationLandscapeLeft UIInterfaceOrientationLandscapeRight";
				IPHONEOS_DEPLOYMENT_TARGET = 14.0;
				LD_RUNPATH_SEARCH_PATHS = (
					"$(inherited)",
					"@executable_path/Frameworks",
				);
				MARKETING_VERSION = 1.0;
				PRODUCT_BUNDLE_IDENTIFIER = com.taskodoro.ios.app;
				PRODUCT_NAME = "$(TARGET_NAME)";
				SWIFT_EMIT_LOC_STRINGS = YES;
				SWIFT_VERSION = 5.0;
				TARGETED_DEVICE_FAMILY = 1;
			};
			name = Debug;
		};
		88CC306B27B3D5B700D08D2C /* Release */ = {
			isa = XCBuildConfiguration;
			buildSettings = {
				ASSETCATALOG_COMPILER_APPICON_NAME = AppIcon;
				ASSETCATALOG_COMPILER_GLOBAL_ACCENT_COLOR_NAME = AccentColor;
				CODE_SIGN_STYLE = Automatic;
				CURRENT_PROJECT_VERSION = 1;
				DEVELOPMENT_ASSET_PATHS = "\"Taskodoro/Preview Content\"";
				ENABLE_PREVIEWS = YES;
				GENERATE_INFOPLIST_FILE = YES;
				INFOPLIST_KEY_UIApplicationSceneManifest_Generation = YES;
				INFOPLIST_KEY_UIApplicationSupportsIndirectInputEvents = YES;
				INFOPLIST_KEY_UILaunchScreen_Generation = YES;
				INFOPLIST_KEY_UISupportedInterfaceOrientations = UIInterfaceOrientationPortrait;
				INFOPLIST_KEY_UISupportedInterfaceOrientations_iPad = "UIInterfaceOrientationPortrait UIInterfaceOrientationPortraitUpsideDown UIInterfaceOrientationLandscapeLeft UIInterfaceOrientationLandscapeRight";
				INFOPLIST_KEY_UISupportedInterfaceOrientations_iPhone = "UIInterfaceOrientationPortrait UIInterfaceOrientationLandscapeLeft UIInterfaceOrientationLandscapeRight";
				IPHONEOS_DEPLOYMENT_TARGET = 14.0;
				LD_RUNPATH_SEARCH_PATHS = (
					"$(inherited)",
					"@executable_path/Frameworks",
				);
				MARKETING_VERSION = 1.0;
				PRODUCT_BUNDLE_IDENTIFIER = com.taskodoro.ios.app;
				PRODUCT_NAME = "$(TARGET_NAME)";
				SWIFT_EMIT_LOC_STRINGS = YES;
				SWIFT_VERSION = 5.0;
				TARGETED_DEVICE_FAMILY = 1;
			};
			name = Release;
		};
		88CC306D27B3D5B700D08D2C /* Debug */ = {
			isa = XCBuildConfiguration;
			buildSettings = {
				ALWAYS_EMBED_SWIFT_STANDARD_LIBRARIES = YES;
				BUNDLE_LOADER = "$(TEST_HOST)";
				CODE_SIGN_STYLE = Automatic;
				CURRENT_PROJECT_VERSION = 1;
				GENERATE_INFOPLIST_FILE = YES;
				IPHONEOS_DEPLOYMENT_TARGET = 15.2;
				MARKETING_VERSION = 1.0;
				PRODUCT_BUNDLE_IDENTIFIER = com.taskodoro.ios.app.TaskodoroTests;
				PRODUCT_NAME = "$(TARGET_NAME)";
				SWIFT_EMIT_LOC_STRINGS = NO;
				SWIFT_VERSION = 5.0;
				TARGETED_DEVICE_FAMILY = "1,2";
				TEST_HOST = "$(BUILT_PRODUCTS_DIR)/Taskodoro.app/Taskodoro";
			};
			name = Debug;
		};
		88CC306E27B3D5B700D08D2C /* Release */ = {
			isa = XCBuildConfiguration;
			buildSettings = {
				ALWAYS_EMBED_SWIFT_STANDARD_LIBRARIES = YES;
				BUNDLE_LOADER = "$(TEST_HOST)";
				CODE_SIGN_STYLE = Automatic;
				CURRENT_PROJECT_VERSION = 1;
				GENERATE_INFOPLIST_FILE = YES;
				IPHONEOS_DEPLOYMENT_TARGET = 15.2;
				MARKETING_VERSION = 1.0;
				PRODUCT_BUNDLE_IDENTIFIER = com.taskodoro.ios.app.TaskodoroTests;
				PRODUCT_NAME = "$(TARGET_NAME)";
				SWIFT_EMIT_LOC_STRINGS = NO;
				SWIFT_VERSION = 5.0;
				TARGETED_DEVICE_FAMILY = "1,2";
				TEST_HOST = "$(BUILT_PRODUCTS_DIR)/Taskodoro.app/Taskodoro";
			};
			name = Release;
		};
		88CC307027B3D5B700D08D2C /* Debug */ = {
			isa = XCBuildConfiguration;
			buildSettings = {
				ALWAYS_EMBED_SWIFT_STANDARD_LIBRARIES = YES;
				CODE_SIGN_STYLE = Automatic;
				CURRENT_PROJECT_VERSION = 1;
				GENERATE_INFOPLIST_FILE = YES;
				MARKETING_VERSION = 1.0;
				PRODUCT_BUNDLE_IDENTIFIER = com.taskodoro.ios.app.TaskodoroUITests;
				PRODUCT_NAME = "$(TARGET_NAME)";
				SWIFT_EMIT_LOC_STRINGS = NO;
				SWIFT_VERSION = 5.0;
				TARGETED_DEVICE_FAMILY = "1,2";
				TEST_TARGET_NAME = Taskodoro;
			};
			name = Debug;
		};
		88CC307127B3D5B700D08D2C /* Release */ = {
			isa = XCBuildConfiguration;
			buildSettings = {
				ALWAYS_EMBED_SWIFT_STANDARD_LIBRARIES = YES;
				CODE_SIGN_STYLE = Automatic;
				CURRENT_PROJECT_VERSION = 1;
				GENERATE_INFOPLIST_FILE = YES;
				MARKETING_VERSION = 1.0;
				PRODUCT_BUNDLE_IDENTIFIER = com.taskodoro.ios.app.TaskodoroUITests;
				PRODUCT_NAME = "$(TARGET_NAME)";
				SWIFT_EMIT_LOC_STRINGS = NO;
				SWIFT_VERSION = 5.0;
				TARGETED_DEVICE_FAMILY = "1,2";
				TEST_TARGET_NAME = Taskodoro;
			};
			name = Release;
		};
/* End XCBuildConfiguration section */

/* Begin XCConfigurationList section */
		88CC304027B3D5B300D08D2C /* Build configuration list for PBXProject "Taskodoro" */ = {
			isa = XCConfigurationList;
			buildConfigurations = (
				88CC306727B3D5B700D08D2C /* Debug */,
				88CC306827B3D5B700D08D2C /* Release */,
			);
			defaultConfigurationIsVisible = 0;
			defaultConfigurationName = Release;
		};
		88CC306927B3D5B700D08D2C /* Build configuration list for PBXNativeTarget "Taskodoro" */ = {
			isa = XCConfigurationList;
			buildConfigurations = (
				88CC306A27B3D5B700D08D2C /* Debug */,
				88CC306B27B3D5B700D08D2C /* Release */,
			);
			defaultConfigurationIsVisible = 0;
			defaultConfigurationName = Release;
		};
		88CC306C27B3D5B700D08D2C /* Build configuration list for PBXNativeTarget "TaskodoroTests" */ = {
			isa = XCConfigurationList;
			buildConfigurations = (
				88CC306D27B3D5B700D08D2C /* Debug */,
				88CC306E27B3D5B700D08D2C /* Release */,
			);
			defaultConfigurationIsVisible = 0;
			defaultConfigurationName = Release;
		};
		88CC306F27B3D5B700D08D2C /* Build configuration list for PBXNativeTarget "TaskodoroUITests" */ = {
			isa = XCConfigurationList;
			buildConfigurations = (
				88CC307027B3D5B700D08D2C /* Debug */,
				88CC307127B3D5B700D08D2C /* Release */,
			);
			defaultConfigurationIsVisible = 0;
			defaultConfigurationName = Release;
		};
/* End XCConfigurationList section */
	};
	rootObject = 88CC303D27B3D5B300D08D2C /* Project object */;
}
